{
  "name": "inversify-example",
  "lockfileVersion": 2,
  "requires": true,
  "packages": {
    "": {
      "dependencies": {
        "inversify": "^6.0.1",
        "inversify-typesafe-decorators": "file:../../packages/inversify-typesafe-decorators"
      }
    },
    "../../packages/inversify-typesafe-decorators": {
      "version": "1.0.0",
      "dependencies": {
        "typesafe-decorators": "*"
      },
      "devDependencies": {
        "inversify": "^6.0.1"
      },
      "peerDependencies": {
        "inversify": "^6.0.1"
      }
    },
    "../../packages/nestjs-typed-inject": {
      "version": "1.0.0",
      "extraneous": true,
      "dependencies": {
        "typesafe-decorators": "*"
      },
      "devDependencies": {},
      "peerDependencies": {
        "@nestjs/common": "^9.4.0",
        "@nestjs/typeorm": "^9.0.1",
        "typeorm": "^0.3.15"
      }
    },
    "../../packages/nestjs-typesafe-decorators": {
      "version": "1.0.0",
      "extraneous": true,
      "dependencies": {
        "typesafe-decorators": "*"
      },
      "devDependencies": {
        "@nestjs/common": "^9.4.0",
        "@nestjs/typeorm": "^9.0.1",
        "jest": "^29.5.0",
        "ts-jest": "^29.1.0",
        "typeorm": "^0.3.15"
      },
      "peerDependencies": {
        "@nestjs/common": "^9.4.0",
        "@nestjs/typeorm": "^9.0.1",
        "typeorm": "^0.3.15"
      }
    },
    "../../packages/typesafe-decorators": {
      "version": "1.0.0",
      "extraneous": true,
      "devDependencies": {
        "prettier": "^2.8.7",
        "typescript": "^5.0.4"
      }
    },
    "../packages/nestjs-typed-inject": {
      "version": "1.0.0",
      "extraneous": true,
      "dependencies": {
        "typesafe-decorators": "*"
      },
      "devDependencies": {},
      "peerDependencies": {
        "@nestjs/common": "^9.4.0",
        "@nestjs/typeorm": "^9.0.1",
        "typeorm": "^0.3.15"
      }
    },
    "../packages/nestjs-typesafe-decorators": {
      "extraneous": true
    },
    "../packages/typesafe-decorators": {
      "version": "1.0.0",
      "extraneous": true,
      "devDependencies": {
        "prettier": "^2.8.7",
        "typescript": "^5.0.4"
      }
    },
    "node_modules/inversify": {
      "version": "6.0.1",
      "resolved": "https://registry.npmjs.org/inversify/-/inversify-6.0.1.tgz",
      "integrity": "sha512-B3ex30927698TJENHR++8FfEaJGqoWOgI6ZY5Ht/nLUsFCwHn6akbwtnUAPCgUepAnTpe2qHxhDNjoKLyz6rgQ=="
    },
    "node_modules/inversify-typesafe-decorators": {
      "resolved": "../../packages/inversify-typesafe-decorators",
      "link": true
    }
  },
  "dependencies": {
    "inversify": {
      "version": "6.0.1",
      "resolved": "https://registry.npmjs.org/inversify/-/inversify-6.0.1.tgz",
      "integrity": "sha512-B3ex30927698TJENHR++8FfEaJGqoWOgI6ZY5Ht/nLUsFCwHn6akbwtnUAPCgUepAnTpe2qHxhDNjoKLyz6rgQ=="
    },
    "inversify-typesafe-decorators": {
      "version": "file:../../packages/inversify-typesafe-decorators",
      "requires": {
        "inversify": "^6.0.1",
        "typesafe-decorators": "*"
      }
    }
  }
}
